# This file was autogenerated by uv via the following command:
#    uv pip compile preservation/containers/psmcplus/requirements.in --output-file preservation/containers/psmcplus/requirements.lock --generate-hashes --python-version 3.10 --python-platform x86_64-manylinux_2_17 --only-binary :all:
cycler==0.12.1 \
    --hash=sha256:85cef7cff222d8644161529808465972e51340599459b8ac3ccbac5a854e0d30 \
    --hash=sha256:88bb128f02ba341da8ef447245a9e138fae777f6a23943da4540077d3601eb1c
    # via matplotlib
fonttools==4.63.0 \
    --hash=sha256:032038247a96c1690f9f31e377c389383c902531b085aa4e4dabd6f57f870e69 \
    --hash=sha256:063e08bd17bd5a90127a14123de0d6a952dbc847695fd98b63c043d58057f90c \
    --hash=sha256:0c18358a155d75034911c5ee397a5b44cd19dd325dbb8b35fb60bf421d6a72ac \
    --hash=sha256:0eac00b9118c3c2f87d272e45341871c5b3066baa3c86897fa634a7c3fb59096 \
    --hash=sha256:1e874792a8212b44583ea02189d9e693906b2f78b261f372f95d6c563210ac1d \
    --hash=sha256:22135da48a348785c5e2d5d2d9d6bec5ed44adacbaeb9db12d9493bf6c6bfa68 \
    --hash=sha256:22693918177bd9ceabec4736d338045f357769416fc6b0b2508eefef75b08616 \
    --hash=sha256:27fdc65af8da6f88b9c6121c47a464cbe359fcfff7ff6fc2d37a1f395d755b78 \
    --hash=sha256:2b8ae05d9eacf6081414d759c0a352769ac28ce31280d6bb8e77b03f9e3c449f \
    --hash=sha256:2c14b4fd138c4bafcca294765c547914e1aa431ae1ca94ab99d8db08c958bd3b \
    --hash=sha256:308f957cdeaf8abe4e5f2f124902ef405448af92c90f80e302a3b771c2e6116b \
    --hash=sha256:37dd23e621e3b0aef1baa70a303b80aaf38449632cfc8fd2a55fb285bbccfc02 \
    --hash=sha256:445af2eab030a16b9171ea8bdda7ebf7d96bda2df88ee182a464252f6e05e20d \
    --hash=sha256:51394295f1a51de8b5f30bdb1e1b9a4231536c7064ef5c6e211eec19fa36036f \
    --hash=sha256:58dc6bb86a78d782f00f9190ca02c119cf5bbe2807536e361e18d42019f877d8 \
    --hash=sha256:59ac449f8cca9b4ffa08d2e7bbadad87ce710d69d1eda5c3c1ce579baa987272 \
    --hash=sha256:6b2248c5decb223562f7902ff6325077a073f608ee8e33e88ad88db734eb9f49 \
    --hash=sha256:6d4741eb179121cab9eea4cb2393d24492373a260d7945006358c08cfbf45419 \
    --hash=sha256:6db5140a60a5d731d21ec076745b40a310607731b0a565b50776393188649001 \
    --hash=sha256:6e528da43bc3791085f8cb6141b1d13e459226790240340fcbb4625649238b03 \
    --hash=sha256:796f27556dbe094c4824f75ca85267e4df776c79036c8441469a4df37038c196 \
    --hash=sha256:79cdc9f567aec74a72918fd060283911406750cbc9fd28c1316023deb6ce31a9 \
    --hash=sha256:7d76edbff9014094dbf03bd2d074709dfa6ec7aba13d838c937a2b33d2d6a86e \
    --hash=sha256:7d782fac32985914c351556f68ac0855391572bcd87de50e05970d3cd4c96fc5 \
    --hash=sha256:7dd683fef0663e9f0f45cf541d788d24caa3ec9db50796b588e1757d8b3bc007 \
    --hash=sha256:85be818f5506e8a7753153def2c9550178f0ecae6a47b5e0e8dbb23f7cc90380 \
    --hash=sha256:948428a275741f0b64b113c955425a953314f4b9ab9997f73a72c83e68e569c8 \
    --hash=sha256:9ced0bd02ac751dd6319b0da88aaef24414e3b0dbc32bb4f24944821a3741a27 \
    --hash=sha256:9e12f105d2b6342c559c298afb674006bb2893afc7102dcf8a1b55b0486b4e40 \
    --hash=sha256:a8b33a82979e0a6a34ff435cc81317be1f95ec1ebb7a3a2d1c8a6a54f02ae44e \
    --hash=sha256:a9faff9e0c1f76f9fd55899d2ce785832efebab37eb8ae13995853aef178bef0 \
    --hash=sha256:af2fd1664d00a397d75f806985ddb36282091c2131a73a6485c23b4a34722263 \
    --hash=sha256:afefc1ed0a59785a7fb06ea7e1678e849c193e1e387db783579bc7b3056fcfcb \
    --hash=sha256:b1cd75a03ad8cb5bc40c90bfde68c0c47de423aa19e5c0f362b43520645eea94 \
    --hash=sha256:ba04cb5891d4c0c21b6da95eda8d7b090021508a294fff33464fc7d241e0856b \
    --hash=sha256:bf00f21eb5fb721dbaf73d1e9da6d02a1af7768f2ebcf9798be98beab8ba90f6 \
    --hash=sha256:c0425b277a59cff3d80ca42162a8de360f318438a2ac83570842a678d826d579 \
    --hash=sha256:c1aaa4b9c75798400ac043ce04d74e7830376c85095a5a6ed7cba2f17a266bf4 \
    --hash=sha256:c2a2a42198b696a6f48fad91709afb55176e66a5e566131219dba372fb7f8c59 \
    --hash=sha256:caeb583deeb5168e694b65cda8b4ee62abedfa66cf88488734466f2366b9c4e0 \
    --hash=sha256:cb014d58140a38135f16064c74c652ed57aa0b75cbf8bb59cac821f7edb5334e \
    --hash=sha256:ccf41f2efdf56994d22d73bef4ced1052161958169428d06ba9724ea9e9a64be \
    --hash=sha256:cd7e9857e5e63738b9d9fd707bc1f59c8b09e5177726d23664db393c59bb08bd \
    --hash=sha256:d76ac49f929aecaf82d83250b8347e099d7aecba0f4726c1d9b6df3b8bb5fe18 \
    --hash=sha256:d7e5c9973aa04c95650c96e5f5ad865fbf42d62079163ecfab1e01cbc2504c22 \
    --hash=sha256:dcf076a4474fe0d7367e5bbf5b052c7284fa1feca729c04176ce513521afd8a0 \
    --hash=sha256:e3297a6a4059b4acc3a1e9a8b04741f240a80044eef08ebd32e8b5bcdddce75b \
    --hash=sha256:ee08ebfa58f6e1aeff5697ab9582105bb620008c1caafb681e4c557e7483027b \
    --hash=sha256:ef3048ef05dbb552b89817713d9cac912e00d0fde4a3105c00d29e52e10c89af \
    --hash=sha256:fd1e3094f42d806d3d7c79162fc59e5910fcbe3a7360c385b8da969bc4493745
    # via matplotlib
joblib==1.1.0 \
    --hash=sha256:4158fcecd13733f8be669be0683b96ebdbbd38d23559f54dca7205aea1bf1e35 \
    --hash=sha256:f21f109b3c7ff9d95f8387f752d0d9c34a02aa2f7060c2135f465da0e5160ff6
    # via -r preservation/containers/psmcplus/requirements.in
kiwisolver==1.5.0 \
    --hash=sha256:012b1eb16e28718fa782b5e61dc6f2da1f0792ca73bd05d54de6cb9561665fc9 \
    --hash=sha256:01808c6d15f4c3e8559595d6d1fe6411c68e4a3822b4b9972b44473b24f4e679 \
    --hash=sha256:0255a027391d52944eae1dbb5d4cc5903f57092f3674e8e544cdd2622826b3f0 \
    --hash=sha256:0b85aad90cea8ac6797a53b5d5f2e967334fa4d1149f031c4537569972596cb8 \
    --hash=sha256:0bf3acf1419fa93064a4c2189ac0b58e3be7872bf6ee6177b0d4c63dc4cea276 \
    --hash=sha256:0c50b89ffd3e1a911c69a1dd3de7173c0cd10b130f56222e57898683841e4f96 \
    --hash=sha256:0cbe94b69b819209a62cb27bdfa5dc2a8977d8de2f89dfd97ba4f53ed3af754e \
    --hash=sha256:0df54df7e686afa55e6f21fb86195224a6d9beb71d637e8d7920c95cf0f89aac \
    --hash=sha256:0e3aafb33aed7479377e5e9a82e9d4bf87063741fc99fc7ae48b0f16e32bdd6f \
    --hash=sha256:12e91c215a96e39f57989c8912ae761286ac5a9584d04030ceb3368a357f017a \
    --hash=sha256:1465387ac63576c3e125e5337a6892b9e99e0627d52317f3ca79e6930d889d15 \
    --hash=sha256:16b85d37c2cbb3253226d26e64663f755d88a03439a9c47df6246b35defbdfb7 \
    --hash=sha256:1b0feb50971481a2cc44d94e88bdb02cdd497618252ae226b8eb1201b957e368 \
    --hash=sha256:1d49a49ac4cbfb7c1375301cd1ec90169dfeae55ff84710d782260ce77a75a02 \
    --hash=sha256:1d9daea4ea6b9be74fe2f01f7fbade8d6ffab263e781274cffca0dba9be9eec9 \
    --hash=sha256:1dd9b0b119a350976a6d781e7278ec7aca0b201e1a9e2d23d9804afecb6ca681 \
    --hash=sha256:1f1489f769582498610e015a8ef2d36f28f505ab3096d0e16b4858a9ec214f57 \
    --hash=sha256:2517e24d7315eb51c10664cdb865195df38ab74456c677df67bb47f12d088a27 \
    --hash=sha256:295d9ffe712caa9f8a3081de8d32fc60191b4b51c76f02f951fd8407253528f4 \
    --hash=sha256:2a075bd7bd19c70cf67c8badfa36cf7c5d8de3c9ddb8420c51e10d9c50e94920 \
    --hash=sha256:32cc0a5365239a6ea0c6ed461e8838d053b57e397443c0ca894dcc8e388d4374 \
    --hash=sha256:332b4f0145c30b5f5ad9374881133e5aa64320428a57c2c2b61e9d891a51c2f3 \
    --hash=sha256:377815a8616074cabbf3f53354e1d040c35815a134e01d7614b7692e4bf8acfa \
    --hash=sha256:38f4a703656f493b0ad185211ccfca7f0386120f022066b018eb5296d8613e23 \
    --hash=sha256:3ac2360e93cb41be81121755c6462cff3beaa9967188c866e5fce5cf13170859 \
    --hash=sha256:3c4923e404d6bcd91b6779c009542e5647fef32e4a5d75e115e3bbac6f2335eb \
    --hash=sha256:3cdcb35dc9d807259c981a85531048ede628eabcffb3239adf3d17463518992d \
    --hash=sha256:41024ed50e44ab1a60d3fe0a9d15a4ccc9f5f2b1d814ff283c8d01134d5b81bc \
    --hash=sha256:413b820229730d358efd838ecbab79902fe97094565fdc80ddb6b0a18c18a581 \
    --hash=sha256:4432b835675f0ea7414aab3d37d119f7226d24869b7a829caeab49ebda407b0c \
    --hash=sha256:4db576bb8c3ef9365f8b40fe0f671644de6736ae2c27a2c62d7d8a1b4329f099 \
    --hash=sha256:4e7f886f47ab881692f278ae901039a234e4025a68e6dfab514263a0b1c4ae05 \
    --hash=sha256:4e9750bc21b886308024f8a54ccb9a2cc38ac9fa813bf4348434e3d54f337ff9 \
    --hash=sha256:5060731cc3ed12ca3a8b57acd4aeca5bbc2f49216dd0bec1650a1acd89486bcd \
    --hash=sha256:50847dca5d197fcbd389c805aa1a1cf32f25d2e7273dc47ab181a517666b68cc \
    --hash=sha256:5092eb5b1172947f57d6ea7d89b2f29650414e4293c47707eb499ec07a0ac796 \
    --hash=sha256:5124d1ea754509b09e53738ec185584cc609aae4a3b510aaf4ed6aa047ef9303 \
    --hash=sha256:51e8c4084897de9f05898c2c2a39af6318044ae969d46ff7a34ed3f96274adca \
    --hash=sha256:530a3fd64c87cffa844d4b6b9768774763d9caa299e9b75d8eca6a4423b31314 \
    --hash=sha256:56fa888f10d0f367155e76ce849fa1166fc9730d13bd2d65a2aa13b6f5424489 \
    --hash=sha256:58f812017cd2985c21fbffb4864d59174d4903dd66fa23815e74bbc7a0e2dd57 \
    --hash=sha256:59cd8683f575d96df5bb48f6add94afc055012c29e28124fcae2b63661b9efb1 \
    --hash=sha256:5ae8e62c147495b01a0f4765c878e9bfdf843412446a247e28df59936e99e797 \
    --hash=sha256:5b233ea3e165e43e35dba1d2b8ecc21cf070b45b65ae17dd2747d2713d942021 \
    --hash=sha256:6176c1811d9d5a04fa391c490cc44f451e240697a16977f11c6f722efb9041db \
    --hash=sha256:62f59da443c4f4849f73a51a193b1d9d258dcad0c41bc4d1b8fb2bcc04bfeb22 \
    --hash=sha256:6783e069732715ad0c3ce96dbf21dbc2235ab0593f2baf6338101f70371f4028 \
    --hash=sha256:6ab8ba9152203feec73758dad83af9a0bbe05001eb4639e547207c40cfb52083 \
    --hash=sha256:70d593af6a6ca332d1df73d519fddb5148edb15cd90d5f0155e3746a6d4fcc65 \
    --hash=sha256:72ec46b7eba5b395e0a7b63025490d3214c11013f4aacb4f5e8d6c3041829588 \
    --hash=sha256:7a32f72973f0f950c1920475d5c5ea3d971b81b6f0ec53b8d0a956cc965f22e0 \
    --hash=sha256:7a4aa69609f40fce3cbc3f87b2061f042eee32f94b8f11db707b66a26461591a \
    --hash=sha256:7c60d3c9b06fb23bd9c6139281ccbdc384297579ae037f08ae90c69f6845c0b1 \
    --hash=sha256:800ee55980c18545af444d93fdd60c56b580db5cc54867d8cbf8a1dc0829938c \
    --hash=sha256:80aa065ffd378ff784822a6d7c3212f2d5f5e9c3589614b5c228b311fd3063ac \
    --hash=sha256:86e0287879f75621ae85197b0877ed2f8b7aa57b511c7331dce2eb6f4de7d476 \
    --hash=sha256:893ff3a711d1b515ba9da14ee090519bad4610ed1962fbe298a434e8c5f8db53 \
    --hash=sha256:89fc958c702ee9a745e4700378f5d23fddbc46ff89e8fdbf5395c24d5c1452a3 \
    --hash=sha256:8c63c91f95173f9c2a67c7c526b2cea976828a0e7fced9cdcead2802dc10f8a4 \
    --hash=sha256:8df31fe574b8b3993cc61764f40941111b25c2d9fea13d3ce24a49907cd2d615 \
    --hash=sha256:8f9baf6f0a6e7571c45c8863010b45e837c3ee1c2c77fcd6ef423be91b21fedb \
    --hash=sha256:9027d773c4ff81487181a925945743413f6069634d0b122d0b37684ccf4f1e18 \
    --hash=sha256:9190426b7aa26c5229501fa297b8d0653cfd3f5a36f7990c264e157cbf886b3b \
    --hash=sha256:940dda65d5e764406b9fb92761cbf462e4e63f712ab60ed98f70552e496f3bf1 \
    --hash=sha256:94eff26096eb5395136634622515b234ecb6c9979824c1f5004c6e3c3c85ccd2 \
    --hash=sha256:9eed0f7edbb274413b6ee781cca50541c8c0facd3d6fd289779e494340a2b85c \
    --hash=sha256:ad4ae4ffd1ee9cd11357b4c66b612da9888f4f4daf2f36995eda64bd45370cac \
    --hash=sha256:b0f172dc8ffaccb8522d7c5d899de00133f2f1ca7b0a49b7da98e901de87bf2d \
    --hash=sha256:b2af221f268f5af85e776a73d62b0845fc8baf8ef0abfae79d29c77d0e776aaf \
    --hash=sha256:b7d335370ae48a780c6e6a6bbfa97342f563744c39c35562f3f367665f5c1de2 \
    --hash=sha256:b83af57bdddef03c01a9138034c6ff03181a3028d9a1003b301eb1a55e161a3f \
    --hash=sha256:bb5136fb5352d3f422df33f0c879a1b0c204004324150cc3b5e3c4f310c9049f \
    --hash=sha256:bc4d8e252f532ab46a1de9349e2d27b91fce46736a9eedaa37beaca66f574ed4 \
    --hash=sha256:bdd3e53429ff02aa319ba59dfe4ceeec345bf46cf180ec2cf6fd5b942e7975e9 \
    --hash=sha256:be12f931839a3bdfe28b584db0e640a65a8bcbc24560ae3fdb025a449b3d754e \
    --hash=sha256:be4a51a55833dc29ab5d7503e7bcb3b3af3402d266018137127450005cdfe737 \
    --hash=sha256:beb7f344487cdcb9e1efe4b7a29681b74d34c08f0043a327a74da852a6749e7b \
    --hash=sha256:bf4679a3d71012a7c2bf360e5cd878fbd5e4fcac0896b56393dec239d81529ed \
    --hash=sha256:c0e1403fd7c26d77c1f03e096dc58a5c726503fa0db0456678b8668f76f521e3 \
    --hash=sha256:c31c13da98624f957b0fb1b5bae5383b2333c2c3f6793d9825dd5ce79b525cb7 \
    --hash=sha256:c438f6ca858697c9ab67eb28246c92508af972e114cac34e57a6d4ba17a3ac08 \
    --hash=sha256:c8277104ded0a51e699c8c3aff63ce2c56d4ed5519a5f73e0fd7057f959a2b9e \
    --hash=sha256:c95cab08d1965db3d84a121f1c7ce7479bdd4072c9b3dafd8fecce48a2e6b902 \
    --hash=sha256:cc0b66c1eec9021353a4b4483afb12dfd50e3669ffbb9152d6842eb34c7e29fd \
    --hash=sha256:cdee07c4d7f6d72008d3f73b9bf027f4e11550224c7c50d8df1ae4a37c1402a6 \
    --hash=sha256:ce9bf03dad3b46408c08649c6fbd6ca28a9fce0eb32fdfffa6775a13103b5310 \
    --hash=sha256:cff8e5383db4989311f99e814feeb90c4723eb4edca425b9d5d9c3fefcdd9537 \
    --hash=sha256:d168fda2dbff7b9b5f38e693182d792a938c31db4dac3a80a4888de603c99554 \
    --hash=sha256:d1ffeb80b5676463d7a7d56acbe8e37a20ce725570e09549fe738e02ca6b7e1e \
    --hash=sha256:d36ca54cb4c6c4686f7cbb7b817f66f5911c12ddb519450bbe86707155028f87 \
    --hash=sha256:d4193f3d9dc3f6f79aaed0e5637f45d98850ebf01f7ca20e69457f3e8946b66a \
    --hash=sha256:d5cd5189fc2b6a538b75ae45433140c4823463918f7b1617c31e68b085c0022c \
    --hash=sha256:d618fd27420381a4f6044faa71f46d8bfd911bd077c555f7138ed88729bfbe79 \
    --hash=sha256:d76e2d8c75051d58177e762164d2e9ab92886534e3a12e795f103524f221dd8e \
    --hash=sha256:daae526907e262de627d8f70058a0f64acc9e2641c164c99c8f594b34a799a16 \
    --hash=sha256:db485b3847d182b908b483b2ed133c66d88d49cacf98fd278fadafe11b4478d1 \
    --hash=sha256:dd952e03bfbb096cfe2dd35cd9e00f269969b67536cb4370994afc20ff2d0875 \
    --hash=sha256:dda366d548e89a90d88a86c692377d18d8bd64b39c1fb2b92cb31370e2896bbd \
    --hash=sha256:e315e5ec90d88e140f57696ff85b484ff68bb311e36f2c414aa4286293e6dee0 \
    --hash=sha256:e4415a8db000bf49a6dd1c478bf70062eaacff0f462b92b0ba68791a905861f9 \
    --hash=sha256:e7a116ae737f0000343218c4edf5bd45893bfeaff0993c0b215d7124c9f77646 \
    --hash=sha256:e7c4c09a490dc4d4a7f8cbee56c606a320f9dc28cf92a7157a39d1ce7676a657 \
    --hash=sha256:ebae99ed6764f2b5771c522477b311be313e8841d2e0376db2b10922daebbba4 \
    --hash=sha256:ec4c85dc4b687c7f7f15f553ff26a98bfe8c58f5f7f0ac8905f0ba4c7be60232 \
    --hash=sha256:ed3a984b31da7481b103f68776f7128a89ef26ed40f4dc41a2223cda7fb24819 \
    --hash=sha256:f18c2d9782259a6dc132fdc7a63c168cbc74b35284b6d75c673958982a378384 \
    --hash=sha256:f1f9f4121ec58628c96baa3de1a55a4e3a333c5102c8e94b64e23bf7b2083309 \
    --hash=sha256:f42c23db5d1521218a3276bb08666dcb662896a0be7347cba864eca45ff64ede \
    --hash=sha256:f443b4825c50a51ee68585522ab4a1d1257fac65896f282b4c6763337ac9f5d2 \
    --hash=sha256:f6764a4ccab3078db14a632420930f6186058750df066b8ea2a7106df91d3203 \
    --hash=sha256:f7c7553b13f69c1b29a5bde08ddc6d9d0c8bfb84f9ed01c30db25944aeb852a7 \
    --hash=sha256:fa6248cd194edff41d7ea9425ced8ca3a6f838bfb295f6f1d6e6bb694a8518df \
    --hash=sha256:fa8eb9ecdb7efb0b226acec134e0d709e87a909fa4971a54c0c4f6e88635484c \
    --hash=sha256:fc20894c3d21194d8041a28b65622d5b86db786da6e3cfe73f0c762951a61167 \
    --hash=sha256:fc4d3f1fb9ca0ae9f97b095963bc6326f1dbfd3779d6679a1e016b9baaa153d3 \
    --hash=sha256:fd40bb9cd0891c4c3cb1ddf83f8bbfa15731a248fdc8162669405451e2724b09 \
    --hash=sha256:ff710414307fefa903e0d9bdf300972f892c23477829f49504e59834f4195398
    # via matplotlib
llvmlite==0.38.1 \
    --hash=sha256:0622a86301fcf81cc50d7ed5b4bebe992c030580d413a8443b328ed4f4d82561 \
    --hash=sha256:0c0adce1793d66d009c554809f27baeb6258bf13f6fbaa12eff7443500caec25 \
    --hash=sha256:0e609f7312a439b53b6f622d99180c3ff6a3e1e4ceca4d18aca1c5b46f4e3664 \
    --hash=sha256:3d76c0fa42390bef56979ed213fbf0150c3fef36f5ea68d3d780d5d725da8c01 \
    --hash=sha256:41e638a71c85a9a4a33f279c4cd812bc2f84122505b1f6ab8984ec7debb8548b \
    --hash=sha256:4c1e5805c92e049b4956ed01204c6647de6160ab9aefb0d67ea83ca02a1d889a \
    --hash=sha256:4e11bd9929dcbd55d5eb5cd7b08bf71b0097ea48cc192b69d102a90dd6e9816f \
    --hash=sha256:5559e46c79b4017c3c25edc3b9512d11adc3689b9046120c685b0905c08d48a5 \
    --hash=sha256:5c07d63df4578f31b39b764d3b4291f70157af7f42e171a8884ae7aaf989d1f7 \
    --hash=sha256:633c9026eb43b9903cc4ffbc1c7d5293b2e3ad95d06fa9eab0f6ce6ff6ea15b3 \
    --hash=sha256:66462d768c30d5f648ca3361d657b434efa8b09f6cf04d6b6eae66e62e993644 \
    --hash=sha256:7a5e0ed215a576f0f872f47a70b8cb49864e0aefc8586aff5ce83e3bff47bc23 \
    --hash=sha256:7db018da2863034ad9c73c946625637f3a89635bc70576068bab4bd085eea90d \
    --hash=sha256:84d5a0163c172db2b2ae561d2fc0866fbd9f716cf13f92c0d41ca4338e682672 \
    --hash=sha256:8c4f26c6c370e134a909ac555a671fa1376e74c69af0208f25c0979472577a9d \
    --hash=sha256:8c64c90a8b0b7b7e1ed1912ba82c1a3f43cf25affbe06aa3c56c84050edee8ac \
    --hash=sha256:9c8fac4edbadefa4dddf5dc6cca76bc2ae81df211dcd16a6638d60cc41249e56 \
    --hash=sha256:9f53c3448410cc84d0e1af84dbc0d60ad32779853d40bcc8b1ee3c67ebbe94b1 \
    --hash=sha256:a263252a68d85450110ec1f2b406c0414e49b04a4d216d31c0515ea1d59c3882 \
    --hash=sha256:a7dd2bd1d6406e7789273e3f8a304ed5d9adcfaa5768052fca7dc233a857be98 \
    --hash=sha256:ab070266f0f51304789a6c20d4be91a9e69683ad9bd4861eb89980e8eb613b3a \
    --hash=sha256:b98da8436dbc29013ea301f1fdb0d596ab53bf0ab65c976d96d00bb6faa0b479 \
    --hash=sha256:de8bd61480173930f2a029673e7cd0738fbbb5171dfe490340839ad7301d4cf0 \
    --hash=sha256:ed7528b8b85de930b76407e44b080e4f376b7a007c2879749599ff8e2fe32753 \
    --hash=sha256:edfa2c761cfa56cf76e783290d82e117f829bb691d8d90aa375505204888abac \
    --hash=sha256:ef9aa574eff2e15f8c47b255da0db5dab326dc7f76384c307ae35490e2d2489a \
    --hash=sha256:f95f455697c44d7c04ef95fdfce04629f48df08a832d0a0d9eb2363186dbb969 \
    --hash=sha256:fbfbe546394c39db39a6898a51972aa131c8d6b0628517728b350552f58bdc19
    # via numba
matplotlib==3.5.2 \
    --hash=sha256:03bbb3f5f78836855e127b5dab228d99551ad0642918ccbf3067fcd52ac7ac5e \
    --hash=sha256:24173c23d1bcbaed5bf47b8785d27933a1ac26a5d772200a0f3e0e38f471b001 \
    --hash=sha256:2a0967d4156adbd0d46db06bc1a877f0370bce28d10206a5071f9ecd6dc60b79 \
    --hash=sha256:2e8bda1088b941ead50caabd682601bece983cadb2283cafff56e8fcddbf7d7f \
    --hash=sha256:31fbc2af27ebb820763f077ec7adc79b5a031c2f3f7af446bd7909674cd59460 \
    --hash=sha256:364e6bca34edc10a96aa3b1d7cd76eb2eea19a4097198c1b19e89bee47ed5781 \
    --hash=sha256:3d8e129af95b156b41cb3be0d9a7512cc6d73e2b2109f82108f566dbabdbf377 \
    --hash=sha256:44c6436868186564450df8fd2fc20ed9daaef5caad699aa04069e87099f9b5a8 \
    --hash=sha256:48cf850ce14fa18067f2d9e0d646763681948487a8080ec0af2686468b4607a2 \
    --hash=sha256:49a5938ed6ef9dda560f26ea930a2baae11ea99e1c2080c8714341ecfda72a89 \
    --hash=sha256:4a05f2b37222319753a5d43c0a4fd97ed4ff15ab502113e3f2625c26728040cf \
    --hash=sha256:4a44cdfdb9d1b2f18b1e7d315eb3843abb097869cd1ef89cfce6a488cd1b5182 \
    --hash=sha256:4fa28ca76ac5c2b2d54bc058b3dad8e22ee85d26d1ee1b116a6fd4d2277b6a04 \
    --hash=sha256:5844cea45d804174bf0fac219b4ab50774e504bef477fc10f8f730ce2d623441 \
    --hash=sha256:5a32ea6e12e80dedaca2d4795d9ed40f97bfa56e6011e14f31502fdd528b9c89 \
    --hash=sha256:6c623b355d605a81c661546af7f24414165a8a2022cddbe7380a31a4170fa2e9 \
    --hash=sha256:751d3815b555dcd6187ad35b21736dc12ce6925fc3fa363bbc6dc0f86f16484f \
    --hash=sha256:75c406c527a3aa07638689586343f4b344fcc7ab1f79c396699eb550cd2b91f7 \
    --hash=sha256:77157be0fc4469cbfb901270c205e7d8adb3607af23cef8bd11419600647ceed \
    --hash=sha256:7d7705022df2c42bb02937a2a824f4ec3cca915700dd80dc23916af47ff05f1a \
    --hash=sha256:7f409716119fa39b03da3d9602bd9b41142fab7a0568758cd136cd80b1bf36c8 \
    --hash=sha256:9480842d5aadb6e754f0b8f4ebeb73065ac8be1855baa93cd082e46e770591e9 \
    --hash=sha256:9776e1a10636ee5f06ca8efe0122c6de57ffe7e8c843e0fb6e001e9d9256ec95 \
    --hash=sha256:a91426ae910819383d337ba0dc7971c7cefdaa38599868476d94389a329e599b \
    --hash=sha256:b4fedaa5a9aa9ce14001541812849ed1713112651295fdddd640ea6620e6cf98 \
    --hash=sha256:b6c63cd01cad0ea8704f1fd586e9dc5777ccedcd42f63cbbaa3eae8dd41172a1 \
    --hash=sha256:b8d3f4e71e26307e8c120b72c16671d70c5cd08ae412355c11254aa8254fb87f \
    --hash=sha256:c4b82c2ae6d305fcbeb0eb9c93df2602ebd2f174f6e8c8a5d92f9445baa0c1d3 \
    --hash=sha256:c772264631e5ae61f0bd41313bbe48e1b9bcc95b974033e1118c9caa1a84d5c6 \
    --hash=sha256:c87973ddec10812bddc6c286b88fdd654a666080fbe846a1f7a3b4ba7b11ab78 \
    --hash=sha256:e2b696699386766ef171a259d72b203a3c75d99d03ec383b97fc2054f52e15cf \
    --hash=sha256:ea75df8e567743207e2b479ba3d8843537be1c146d4b1e3e395319a4e1a77fe9 \
    --hash=sha256:ebc27ad11df3c1661f4677a7762e57a8a91dd41b466c3605e90717c9a5f90c82 \
    --hash=sha256:ee0b8e586ac07f83bb2950717e66cb305e2859baf6f00a9c39cc576e0ce9629c \
    --hash=sha256:ee175a571e692fc8ae8e41ac353c0e07259113f4cb063b0ec769eff9717e84bb
    # via -r preservation/containers/psmcplus/requirements.in
numba==0.55.2 \
    --hash=sha256:09ff4d690abb05ffbb8a29a96d1cf35b46887a26796d3670de104beeec73d639 \
    --hash=sha256:1105449247f338e49d63eb04a4aaa5c440bb5435df00f718c8e6e7afad841bb0 \
    --hash=sha256:135fb7694928f9f57b4ff5b1be58f20f4771fedd1680636a9affdead96051959 \
    --hash=sha256:16a52a0641c342b09b39f6762dcbe3846e44aa9baaaf4703b2ca42a3aee7346f \
    --hash=sha256:20de0139d2267c8f0e2470d4f88540446cd1bf40de0f29f31b7ab9bf25d49b45 \
    --hash=sha256:25410557d0deb1d97397b71e142a36772133986a7dd4fe2935786e2dd149245f \
    --hash=sha256:2665ef28e900b3a55bf370daa81c12ebc64cd434116accd60c38a95a159a3182 \
    --hash=sha256:29b89a68af162acf87adeb8fbf01f6bb1effae4711b28146f95108d82e905624 \
    --hash=sha256:32649584144c35ced239937ab2c416ab22bbc1490ef8d90609c30fff9f6aa1b8 \
    --hash=sha256:3eaf53e73e700370163e58257257299ac0d46fea4f244bf5476e4635bc31d808 \
    --hash=sha256:46715180f87d5a1f3e4077d207ade66c96fc01159f5b7d49cee2d6ffb9e6539f \
    --hash=sha256:5559c6684bf6cce7a22c656d8fef3e7c38ff5fec5153abef5955f6f7cae9f102 \
    --hash=sha256:676c081162cc9403706071c1d1d42e479c0741551ab28096ba13859a2e3e9b80 \
    --hash=sha256:68bb33eaef1d6155fc1ae4fa6c915b8a42e5052c89a58742254eaad072eab118 \
    --hash=sha256:69b2e823efa40d32b259f5c094476dde2226b92032f17015d8cd7c10472654ce \
    --hash=sha256:6e0f9b5d1c8ea1bdef39b0ad921a9bbf0cc4a88e76d722d756c68f1653787c35 \
    --hash=sha256:8d5760a1e6a48d98d6b9cf774e4d2a64813d981cca60d7b7356af61195a6ca17 \
    --hash=sha256:a669212aa66ffee4ad778016ac3819add33f9bcb96b4c384d3099531dd175085 \
    --hash=sha256:a85779adc5234f7857615d1bd2c7b514314521f9f0163c33017707ed9816e6e6 \
    --hash=sha256:d1c3cef3289fefb5673ceae32024ab5a8a08d4f4380bcb8348d01f1ba570ccff \
    --hash=sha256:d7ac9ea5feef9536ab8bfbbb3ded1a0617ea8794d7547800d535b7857800f996 \
    --hash=sha256:da4485e0f0b9562f39c78887149b33d13d787aa696553c9257b95575122905ed \
    --hash=sha256:dcde1a1a3a430fb5f83c7e095b0b6ac7adb5595f50a3ee05babb2964f31613c4 \
    --hash=sha256:dd05f7c0ce64b6977596aa4e5a44747c6ef414d7989da1c7672337c54381a5ef \
    --hash=sha256:de1f93bd7e2d431451aec20a52ac651a020e98a4ba46797fad860bba338a7e64 \
    --hash=sha256:dfddd633141608a09cbce275fb9fe7aa514918625ace20b0e587898a2d93c030 \
    --hash=sha256:e36232eccd172c583b1f021c5c48744c087ae6fc9dc5c5f0dd2cb2286e517bf8 \
    --hash=sha256:e428d9e11d9ba592849ccc9f7a009003eb7d30612007e365afe743ce7118c6f4
    # via -r preservation/containers/psmcplus/requirements.in
numpy==1.22.4 \
    --hash=sha256:0791fbd1e43bf74b3502133207e378901272f3c156c4df4954cad833b1380207 \
    --hash=sha256:1ce7ab2053e36c0a71e7a13a7475bd3b1f54750b4b433adc96313e127b870887 \
    --hash=sha256:2d487e06ecbf1dc2f18e7efce82ded4f705f4bd0cd02677ffccfb39e5c284c7e \
    --hash=sha256:37431a77ceb9307c28382c9773da9f306435135fae6b80b62a11c53cfedd8802 \
    --hash=sha256:3e1ffa4748168e1cc8d3cde93f006fe92b5421396221a02f2274aab6ac83b077 \
    --hash=sha256:425b390e4619f58d8526b3dcf656dde069133ae5c240229821f01b5f44ea07af \
    --hash=sha256:43a8ca7391b626b4c4fe20aefe79fec683279e31e7c79716863b4b25021e0e74 \
    --hash=sha256:4c6036521f11a731ce0648f10c18ae66d7143865f19f7299943c985cdc95afb5 \
    --hash=sha256:59d55e634968b8f77d3fd674a3cf0b96e85147cd6556ec64ade018f27e9479e1 \
    --hash=sha256:64f56fc53a2d18b1924abd15745e30d82a5782b2cab3429aceecc6875bd5add0 \
    --hash=sha256:7228ad13744f63575b3a972d7ee4fd61815b2879998e70930d4ccf9ec721dce0 \
    --hash=sha256:9ce7df0abeabe7fbd8ccbf343dc0db72f68549856b863ae3dd580255d009648e \
    --hash=sha256:a911e317e8c826ea632205e63ed8507e0dc877dcdc49744584dfc363df9ca08c \
    --hash=sha256:b89bf9b94b3d624e7bb480344e91f68c1c6c75f026ed6755955117de00917a7c \
    --hash=sha256:ba9ead61dfb5d971d77b6c131a9dbee62294a932bf6a356e48c75ae684e635b3 \
    --hash=sha256:c1d937820db6e43bec43e8d016b9b3165dcb42892ea9f106c70fb13d430ffe72 \
    --hash=sha256:cc7f00008eb7d3f2489fca6f334ec19ca63e31371be28fd5dad955b16ec285bd \
    --hash=sha256:d4c5d5eb2ec8da0b4f50c9a843393971f31f1d60be87e0fb0917a49133d257d6 \
    --hash=sha256:e96d7f3096a36c8754207ab89d4b3282ba7b49ea140e4973591852c77d09eb76 \
    --hash=sha256:f0725df166cf4785c0bc4cbfb320203182b1ecd30fee6e541c8752a92df6aa32 \
    --hash=sha256:f3eb268dbd5cfaffd9448113539e44e2dd1c5ca9ce25576f7c04a5453edc26fa \
    --hash=sha256:fb7a980c81dd932381f8228a426df8aeb70d59bbcda2af075b627bbc50207cba
    # via
    #   -r preservation/containers/psmcplus/requirements.in
    #   matplotlib
    #   numba
    #   pandas
    #   scipy
packaging==26.3 \
    --hash=sha256:94edc256424af38762eb31306eed28beb9f0efc50a8837492c9d6fd6004aed79 \
    --hash=sha256:d7193f7c8e4e93f444fde0262bf90af30e16fa0ad0ad44cb553c87339b23cd1c
    # via matplotlib
pandas==1.4.3 \
    --hash=sha256:07238a58d7cbc8a004855ade7b75bbd22c0db4b0ffccc721556bab8a095515f6 \
    --hash=sha256:0daf876dba6c622154b2e6741f29e87161f844e64f84801554f879d27ba63c0d \
    --hash=sha256:16ad23db55efcc93fa878f7837267973b61ea85d244fc5ff0ccbcfa5638706c5 \
    --hash=sha256:1d9382f72a4f0e93909feece6fef5500e838ce1c355a581b3d8f259839f2ea76 \
    --hash=sha256:24ea75f47bbd5574675dae21d51779a4948715416413b30614c1e8b480909f81 \
    --hash=sha256:2893e923472a5e090c2d5e8db83e8f907364ec048572084c7d10ef93546be6d1 \
    --hash=sha256:2ff7788468e75917574f080cd4681b27e1a7bf36461fe968b49a87b5a54d007c \
    --hash=sha256:41fc406e374590a3d492325b889a2686b31e7a7780bec83db2512988550dadbf \
    --hash=sha256:48350592665ea3cbcd07efc8c12ff12d89be09cd47231c7925e3b8afada9d50d \
    --hash=sha256:605d572126eb4ab2eadf5c59d5d69f0608df2bf7bcad5c5880a47a20a0699e3e \
    --hash=sha256:6dfbf16b1ea4f4d0ee11084d9c026340514d1d30270eaa82a9f1297b6c8ecbf0 \
    --hash=sha256:6f803320c9da732cc79210d7e8cc5c8019aad512589c910c66529eb1b1818230 \
    --hash=sha256:721a3dd2f06ef942f83a819c0f3f6a648b2830b191a72bbe9451bcd49c3bd42e \
    --hash=sha256:755679c49460bd0d2f837ab99f0a26948e68fa0718b7e42afbabd074d945bf84 \
    --hash=sha256:78b00429161ccb0da252229bcda8010b445c4bf924e721265bec5a6e96a92e92 \
    --hash=sha256:958a0588149190c22cdebbc0797e01972950c927a11a900fe6c2296f207b1d6f \
    --hash=sha256:a3924692160e3d847e18702bb048dc38e0e13411d2b503fecb1adf0fcf950ba4 \
    --hash=sha256:d51674ed8e2551ef7773820ef5dab9322be0828629f2cbf8d1fc31a0c4fed640 \
    --hash=sha256:d5ebc990bd34f4ac3c73a2724c2dcc9ee7bf1ce6cf08e87bb25c6ad33507e318 \
    --hash=sha256:d6c0106415ff1a10c326c49bc5dd9ea8b9897a6ca0c8688eb9c30ddec49535ef \
    --hash=sha256:e48fbb64165cda451c06a0f9e4c7a16b534fcabd32546d531b3c240ce2844112
    # via -r preservation/containers/psmcplus/requirements.in
pillow==12.2.0 \
    --hash=sha256:00a2865911330191c0b818c59103b58a5e697cae67042366970a6b6f1b20b7f9 \
    --hash=sha256:01afa7cf67f74f09523699b4e88c73fb55c13346d212a59a2db1f86b0a63e8c5 \
    --hash=sha256:03e7e372d5240cc23e9f07deca4d775c0817bffc641b01e9c3af208dbd300987 \
    --hash=sha256:03f6fab9219220f041c74aeaa2939ff0062bd5c364ba9ce037197f4c6d498cd9 \
    --hash=sha256:042db20a421b9bafecc4b84a8b6e444686bd9d836c7fd24542db3e7df7baad9b \
    --hash=sha256:0538bd5e05efec03ae613fd89c4ce0368ecd2ba239cc25b9f9be7ed426b0af1f \
    --hash=sha256:0a34329707af4f73cf1782a36cd2289c0368880654a2c11f027bcee9052d35dd \
    --hash=sha256:0c838a5125cee37e68edec915651521191cef1e6aa336b855f495766e77a366e \
    --hash=sha256:144748b3af2d1b358d41286056d0003f47cb339b8c43a9ea42f5fea4d8c66b6e \
    --hash=sha256:1610dd6c61621ae1cf811bef44d77e149ce3f7b95afe66a4512f8c59f25d9ebe \
    --hash=sha256:1e1757442ed87f4912397c6d35a0db6a7b52592156014706f17658ff58bbf795 \
    --hash=sha256:22db17c68434de69d8ecfc2fe821569195c0c373b25cccb9cbdacf2c6e53c601 \
    --hash=sha256:25373b66e0dd5905ed63fa3cae13c82fbddf3079f2c8bf15c6fb6a35586324c1 \
    --hash=sha256:2bb4a8d594eacdfc59d9e5ad972aa8afdd48d584ffd5f13a937a664c3e7db0ed \
    --hash=sha256:2c727a6d53cb0018aadd8018c2b938376af27914a68a492f59dfcaca650d5eea \
    --hash=sha256:2d192a155bbcec180f8564f693e6fd9bccff5a7af9b32e2e4bf8c9c69dbad6b5 \
    --hash=sha256:2e589959f10d9824d39b350472b92f0ce3b443c0a3442ebf41c40cb8361c5b97 \
    --hash=sha256:2e5a76d03a6c6dcef67edabda7a52494afa4035021a79c8558e14af25313d453 \
    --hash=sha256:325ca0528c6788d2a6c3d40e3568639398137346c3d6e66bb61db96b96511c98 \
    --hash=sha256:34c0d99ecccea270c04882cb3b86e7b57296079c9a4aff88cb3b33563d95afaa \
    --hash=sha256:390ede346628ccc626e5730107cde16c42d3836b89662a115a921f28440e6a3b \
    --hash=sha256:394167b21da716608eac917c60aa9b969421b5dcbbe02ae7f013e7b85811c69d \
    --hash=sha256:3997232e10d2920a68d25191392e3a4487d8183039e1c74c2297f00ed1c50705 \
    --hash=sha256:3adc9215e8be0448ed6e814966ecf3d9952f0ea40eb14e89a102b87f450660d8 \
    --hash=sha256:3e080565d8d7c671db5802eedfb438e5565ffa40115216eabb8cd52d0ecce024 \
    --hash=sha256:4a6c9fa44005fa37a91ebfc95d081e8079757d2e904b27103f4f5fa6f0bf78c0 \
    --hash=sha256:4bfd07bc812fbd20395212969e41931001fd59eb55a60658b0e5710872e95286 \
    --hash=sha256:4e6c62e9d237e9b65fac06857d511e90d8461a32adcc1b9065ea0c0fa3a28150 \
    --hash=sha256:50d8520da2a6ce0af445fa6d648c4273c3eeefbc32d7ce049f22e8b5c3daecc2 \
    --hash=sha256:51c4167c34b0d8ba05b547a3bb23578d0ba17b80a5593f93bd8ecb123dd336a3 \
    --hash=sha256:56a3f9c60a13133a98ecff6197af34d7824de9b7b38c3654861a725c970c197b \
    --hash=sha256:56b25336f502b6ed02e889f4ece894a72612fe885889a6e8c4c80239ff6e5f5f \
    --hash=sha256:57850958fe9c751670e49b2cecf6294acc99e562531f4bd317fa5ddee2068463 \
    --hash=sha256:58f62cc0f00fd29e64b29f4fd923ffdb3859c9f9e6105bfc37ba1d08994e8940 \
    --hash=sha256:5c0a9f29ca8e79f09de89293f82fc9b0270bb4af1d58bc98f540cc4aedf03166 \
    --hash=sha256:5cdfebd752ec52bf5bb4e35d9c64b40826bc5b40a13df7c3cda20a2c03a0f5ed \
    --hash=sha256:5d04bfa02cc2d23b497d1e90a0f927070043f6cbf303e738300532379a4b4e0f \
    --hash=sha256:5d2fd0fa6b5d9d1de415060363433f28da8b1526c1c129020435e186794b3795 \
    --hash=sha256:62f5409336adb0663b7caa0da5c7d9e7bdbaae9ce761d34669420c2a801b2780 \
    --hash=sha256:632ff19b2778e43162304d50da0181ce24ac5bb8180122cbe1bf4673428328c7 \
    --hash=sha256:6562ace0d3fb5f20ed7290f1f929cae41b25ae29528f2af1722966a0a02e2aa1 \
    --hash=sha256:673aa32138f3e7531ccdbca7b3901dba9b70940a19ccecc6a37c77d5fdeb05b5 \
    --hash=sha256:6a6e67ea2e6feda684ed370f9a1c52e7a243631c025ba42149a2cc5934dec295 \
    --hash=sha256:6a9adfc6d24b10f89588096364cc726174118c62130c817c2837c60cf08a392b \
    --hash=sha256:6bb77b2dcb06b20f9f4b4a8454caa581cd4dd0643a08bacf821216a16d9c8354 \
    --hash=sha256:6e6b2a0c538fc200b38ff9eb6628228b77908c319a005815f2dde585a0664b60 \
    --hash=sha256:71cde9a1e1551df7d34a25462fc60325e8a11a82cc2e2f54578e5e9a1e153d65 \
    --hash=sha256:7371b48c4fa448d20d2714c9a1f775a81155050d383333e0a6c15b1123dda005 \
    --hash=sha256:766cef22385fa1091258ad7e6216792b156dc16d8d3fa607e7545b2b72061f1c \
    --hash=sha256:7b14cc0106cd9aecda615dd6903840a058b4700fcb817687d0ee4fc8b6e389be \
    --hash=sha256:7f84204dee22a783350679a0333981df803dac21a0190d706a50475e361c93f5 \
    --hash=sha256:8023abc91fba39036dbce14a7d6535632f99c0b857807cbbbf21ecc9f4717f06 \
    --hash=sha256:80b2da48193b2f33ed0c32c38140f9d3186583ce7d516526d462645fd98660ae \
    --hash=sha256:8297651f5b5679c19968abefd6bb84d95fe30ef712eb1b2d9b2d31ca61267f4c \
    --hash=sha256:88d387ff40b3ff7c274947ed3125dedf5262ec6919d83946753b5f3d7c67ea4c \
    --hash=sha256:88ddbc66737e277852913bd1e07c150cc7bb124539f94c4e2df5344494e0a612 \
    --hash=sha256:8bd7903a5f2a4545f6fd5935c90058b89d30045568985a71c79f5fd6edf9b91e \
    --hash=sha256:8be29e59487a79f173507c30ddf57e733a357f67881430449bb32614075a40ab \
    --hash=sha256:8c984051042858021a54926eb597d6ee3012393ce9c181814115df4c60b9a808 \
    --hash=sha256:8cbeb542b2ebc6fcdacabf8aca8c1a97c9b3ad3927d46b8723f9d4f033288a0f \
    --hash=sha256:8e9c4f5b3c546fa3458a29ab22646c1c6c787ea8f5ef51300e5a60300736905e \
    --hash=sha256:90e6f81de50ad6b534cab6e5aef77ff6e37722b2f5d908686f4a5c9eba17a909 \
    --hash=sha256:975385f4776fafde056abb318f612ef6285b10a1f12b8570f3647ad0d74b48ec \
    --hash=sha256:9a8a34cc89c67a65ea7437ce257cea81a9dad65b29805f3ecee8c8fe8ff25ffe \
    --hash=sha256:9aba9a17b623ef750a4d11b742cbafffeb48a869821252b30ee21b5e91392c50 \
    --hash=sha256:9f08483a632889536b8139663db60f6724bfcb443c96f1b18855860d7d5c0fd4 \
    --hash=sha256:a4e8f36e677d3336f35089648c8955c51c6d386a13cf6ee9c189c5f5bd713a9f \
    --hash=sha256:a52edc8bfff4429aaabdf4d9ee0daadbbf8562364f940937b941f87a4290f5ff \
    --hash=sha256:a830b1a40919539d07806aa58e1b114df53ddd43213d9c8b75847eee6c0182b5 \
    --hash=sha256:aa88ccfe4e32d362816319ed727a004423aab09c5cea43c01a4b435643fa34eb \
    --hash=sha256:af73337013e0b3b46f175e79492d96845b16126ddf79c438d7ea7ff27783a414 \
    --hash=sha256:b1c1fbd8a5a1af3412a0810d060a78b5136ec0836c8a4ef9aa11807f2a22f4e1 \
    --hash=sha256:b85f66ae9eb53e860a873b858b789217ba505e5e405a24b85c0464822fe88032 \
    --hash=sha256:b86024e52a1b269467a802258c25521e6d742349d760728092e1bc2d135b4d76 \
    --hash=sha256:bd9c0c7a0c681a347b3194c500cb1e6ca9cab053ea4d82a5cf45b6b754560136 \
    --hash=sha256:bfa9c230d2fe991bed5318a5f119bd6780cda2915cca595393649fc118ab895e \
    --hash=sha256:d362d1878f00c142b7e1a16e6e5e780f02be8195123f164edf7eddd911eefe7c \
    --hash=sha256:d5d38f1411c0ed9f97bcb49b7bd59b6b7c314e0e27420e34d99d844b9ce3b6f3 \
    --hash=sha256:dac8d77255a37e81a2efcbd1fc05f1c15ee82200e6c240d7e127e25e365c39ea \
    --hash=sha256:dd025009355c926a84a612fecf58bb315a3f6814b17ead51a8e48d3823d9087f \
    --hash=sha256:deede7c263feb25dba4e82ea23058a235dcc2fe1f6021025dc71f2b618e26104 \
    --hash=sha256:e74473c875d78b8e9d5da2a70f7099549f9eb37ded4e2f6a463e60125bccd176 \
    --hash=sha256:ee3120ae9dff32f121610bb08e4313be87e03efeadfc6c0d18f89127e24d0c24 \
    --hash=sha256:eedf4b74eda2b5a4b2b2fb4c006d6295df3bf29e459e198c90ea48e130dc75c3 \
    --hash=sha256:efd8c21c98c5cc60653bcb311bef2ce0401642b7ce9d09e03a7da87c878289d4 \
    --hash=sha256:f1c943e96e85df3d3478f7b691f229887e143f81fedab9b20205349ab04d73ed \
    --hash=sha256:f278f034eb75b4e8a13a54a876cc4a5ab39173d2cdd93a638e1b467fc545ac43 \
    --hash=sha256:f3f40b3c5a968281fd507d519e444c35f0ff171237f4fdde090dd60699458421 \
    --hash=sha256:f490f9368b6fc026f021db16d7ec2fbf7d89e2edb42e8ec09d2c60505f5729c7 \
    --hash=sha256:fb043ee2f06b41473269765c2feae53fc2e2fbf96e5e22ca94fb5ad677856f06 \
    --hash=sha256:fc3d34d4a8fbec3e88a79b92e5465e0f9b842b628675850d860b8bd300b159f5
    # via matplotlib
psutil==5.9.1 \
    --hash=sha256:068935df39055bf27a29824b95c801c7a5130f118b806eee663cad28dca97685 \
    --hash=sha256:0904727e0b0a038830b019551cf3204dd48ef5c6868adc776e06e93d615fc5fc \
    --hash=sha256:0f15a19a05f39a09327345bc279c1ba4a8cfb0172cc0d3c7f7d16c813b2e7d36 \
    --hash=sha256:19f36c16012ba9cfc742604df189f2f28d2720e23ff7d1e81602dbe066be9fd1 \
    --hash=sha256:20b27771b077dcaa0de1de3ad52d22538fe101f9946d6dc7869e6f694f079329 \
    --hash=sha256:28976df6c64ddd6320d281128817f32c29b539a52bdae5e192537bc338a9ec81 \
    --hash=sha256:29a442e25fab1f4d05e2655bb1b8ab6887981838d22effa2396d584b740194de \
    --hash=sha256:3054e923204b8e9c23a55b23b6df73a8089ae1d075cb0bf711d3e9da1724ded4 \
    --hash=sha256:32c52611756096ae91f5d1499fe6c53b86f4a9ada147ee42db4991ba1520e574 \
    --hash=sha256:3a76ad658641172d9c6e593de6fe248ddde825b5866464c3b2ee26c35da9d237 \
    --hash=sha256:44d1826150d49ffd62035785a9e2c56afcea66e55b43b8b630d7706276e87f22 \
    --hash=sha256:4b6750a73a9c4a4e689490ccb862d53c7b976a2a35c4e1846d049dcc3f17d83b \
    --hash=sha256:56960b9e8edcca1456f8c86a196f0c3d8e3e361320071c93378d41445ffd28b0 \
    --hash=sha256:57f1819b5d9e95cdfb0c881a8a5b7d542ed0b7c522d575706a80bedc848c8954 \
    --hash=sha256:58678bbadae12e0db55186dc58f2888839228ac9f41cc7848853539b70490021 \
    --hash=sha256:645bd4f7bb5b8633803e0b6746ff1628724668681a434482546887d22c7a9537 \
    --hash=sha256:799759d809c31aab5fe4579e50addf84565e71c1dc9f1c31258f159ff70d3f87 \
    --hash=sha256:79c9108d9aa7fa6fba6e668b61b82facc067a6b81517cab34d07a84aa89f3df0 \
    --hash=sha256:91c7ff2a40c373d0cc9121d54bc5f31c4fa09c346528e6a08d1845bce5771ffc \
    --hash=sha256:9272167b5f5fbfe16945be3db475b3ce8d792386907e673a209da686176552af \
    --hash=sha256:944c4b4b82dc4a1b805329c980f270f170fdc9945464223f2ec8e57563139cf4 \
    --hash=sha256:a6a11e48cb93a5fa606306493f439b4aa7c56cb03fc9ace7f6bfa21aaf07c453 \
    --hash=sha256:a8746bfe4e8f659528c5c7e9af5090c5a7d252f32b2e859c584ef7d8efb1e689 \
    --hash=sha256:abd9246e4cdd5b554a2ddd97c157e292ac11ef3e7af25ac56b08b455c829dca8 \
    --hash=sha256:b14ee12da9338f5e5b3a3ef7ca58b3cba30f5b66f7662159762932e6d0b8f680 \
    --hash=sha256:b88f75005586131276634027f4219d06e0561292be8bd6bc7f2f00bdabd63c4e \
    --hash=sha256:c7be9d7f5b0d206f0bbc3794b8e16fb7dbc53ec9e40bbe8787c6f2d38efcf6c9 \
    --hash=sha256:d2d006286fbcb60f0b391741f520862e9b69f4019b4d738a2a45728c7e952f1b \
    --hash=sha256:db417f0865f90bdc07fa30e1aadc69b6f4cad7f86324b02aa842034efe8d8c4d \
    --hash=sha256:e7e10454cb1ab62cc6ce776e1c135a64045a11ec4c6d254d3f7689c16eb3efd2 \
    --hash=sha256:f65f9a46d984b8cd9b3750c2bdb419b2996895b005aefa6cbaba9a143b1ce2c5 \
    --hash=sha256:fea896b54f3a4ae6f790ac1d017101252c93f6fe075d0e7571543510f11d2676
    # via -r preservation/containers/psmcplus/requirements.in
pyparsing==3.3.2 \
    --hash=sha256:850ba148bd908d7e2411587e247a1e4f0327839c40e2e5e6d05a007ecc69911d \
    --hash=sha256:c777f4d763f140633dcb6d8a3eda953bf7a214dc4eff598413c070bcdc117cbc
    # via matplotlib
python-dateutil==2.9.0.post0 \
    --hash=sha256:37dd54208da7e1cd875388217d5e00ebd4179249f90fb72437e91a35459a0ad3 \
    --hash=sha256:a8b2bc7bffae282281c8140a97d3aa9c14da0b136dfe83f850eea9a5f7470427
    # via
    #   matplotlib
    #   pandas
pytz==2026.3.post1 \
    --hash=sha256:2211d3fcf9a797d3405cac96ac7f61d80e6a644f72a3309607282fe8a2010c5d \
    --hash=sha256:dd95840dd199baea12d9cc096a1d452caa6596a1c1e4b5f3dbd1541855d5e815
    # via pandas
scipy==1.8.1 \
    --hash=sha256:02b567e722d62bddd4ac253dafb01ce7ed8742cf8031aea030a41414b86c1125 \
    --hash=sha256:1166514aa3bbf04cb5941027c6e294a000bba0cf00f5cdac6c77f2dad479b434 \
    --hash=sha256:1da52b45ce1a24a4a22db6c157c38b39885a990a566748fc904ec9f03ed8c6ba \
    --hash=sha256:23b22fbeef3807966ea42d8163322366dd89da9bebdc075da7034cee3a1441ca \
    --hash=sha256:28d2cab0c6ac5aa131cc5071a3a1d8e1366dad82288d9ec2ca44df78fb50e649 \
    --hash=sha256:2ef0fbc8bcf102c1998c1f16f15befe7cffba90895d6e84861cd6c6a33fb54f6 \
    --hash=sha256:3b69b90c9419884efeffaac2c38376d6ef566e6e730a231e15722b0ab58f0328 \
    --hash=sha256:4b93ec6f4c3c4d041b26b5f179a6aab8f5045423117ae7a45ba9710301d7e462 \
    --hash=sha256:4e53a55f6a4f22de01ffe1d2f016e30adedb67a699a310cdcac312806807ca81 \
    --hash=sha256:6311e3ae9cc75f77c33076cb2794fb0606f14c8f1b1c9ff8ce6005ba2c283621 \
    --hash=sha256:65b77f20202599c51eb2771d11a6b899b97989159b7975e9b5259594f1d35ef4 \
    --hash=sha256:6cc6b33139eb63f30725d5f7fa175763dc2df6a8f38ddf8df971f7c345b652dc \
    --hash=sha256:70de2f11bf64ca9921fda018864c78af7147025e467ce9f4a11bc877266900a6 \
    --hash=sha256:70ebc84134cf0c504ce6a5f12d6db92cb2a8a53a49437a6bb4edca0bc101f11c \
    --hash=sha256:83606129247e7610b58d0e1e93d2c5133959e9cf93555d3c27e536892f1ba1f2 \
    --hash=sha256:93d07494a8900d55492401917a119948ed330b8c3f1d700e0b904a578f10ead4 \
    --hash=sha256:9c4e3ae8a716c8b3151e16c05edb1daf4cb4d866caa385e861556aff41300c14 \
    --hash=sha256:9dd4012ac599a1e7eb63c114d1eee1bcfc6dc75a29b589ff0ad0bb3d9412034f \
    --hash=sha256:9e3fb1b0e896f14a85aa9a28d5f755daaeeb54c897b746df7a55ccb02b340f33 \
    --hash=sha256:a0aa8220b89b2e3748a2836fbfa116194378910f1a6e78e4675a095bcd2c762d \
    --hash=sha256:d3b3c8924252caaffc54d4a99f1360aeec001e61267595561089f8b5900821bb \
    --hash=sha256:e013aed00ed776d790be4cb32826adb72799c61e318676172495383ba4570aa4 \
    --hash=sha256:f3e7a8867f307e3359cc0ed2c63b61a1e33a19080f92fe377bc7d49f646f2ec1
    # via -r preservation/containers/psmcplus/requirements.in
setuptools==84.0.0 \
    --hash=sha256:51a52592b3b99e102b609654876bd65f19f999935166d1352678931132b0c670 \
    --hash=sha256:f4695c21257f0d9b537ec2692c941d02ee143b7cc1276941349a546573b2ef73
    # via numba
six==1.17.0 \
    --hash=sha256:4721f391ed90541fddacab5acf947aa0d3dc7d27b2e1e8eda2be8970586c3274 \
    --hash=sha256:ff70335d468e7eb6ec65b95b99d3a2836546063f63acc5171de367e834932a81
    # via python-dateutil
